
Microsoft Visual Studio Solution File, Format Version 12.00
# Visual Studio Version 17
VisualStudioVersion = 17.10.35122.118
MinimumVisualStudioVersion = 10.0.40219.1
Project("{FAE04EC0-301F-11D3-BF4B-00C04F79EFBC}") = "Lilith.Realtime", "Lilith.Realtime\Lilith.Realtime.csproj", "{6A71042C-805E-48A9-AE50-021C53CC38EE}"
EndProject
Global
	GlobalSection(SolutionConfigurationPlatforms) = preSolution
		Debug|Any CPU = Debug|Any CPU
		Release|Any CPU = Release|Any CPU
	EndGlobalSection
	GlobalSection(ProjectConfigurationPlatforms) = postSolution
		{6A71042C-805E-48A9-AE50-021C53CC38EE}.Debug|Any CPU.ActiveCfg = Debug|Any CPU
		{6A71042C-805E-48A9-AE50-021C53CC38EE}.Debug|Any CPU.Build.0 = Debug|Any CPU
		{6A71042C-805E-48A9-AE50-021C53CC38EE}.Release|Any CPU.ActiveCfg = Release|Any CPU
		{6A71042C-805E-48A9-AE50-021C53CC38EE}.Release|Any CPU.Build.0 = Release|Any CPU
	EndGlobalSection
	GlobalSection(SolutionProperties) = preSolution
		HideSolutionNode = FALSE
	EndGlobalSection
	GlobalSection(ExtensibilityGlobals) = postSolution
		SolutionGuid = {87D86889-E5C1-4440-8A28-B475623656D1}
	EndGlobalSection
EndGlobal
